
Microsoft Visual Studio Solution File, Format Version 12.00
# Visual Studio 15
VisualStudioVersion = 15.0.26403.3
MinimumVisualStudioVersion = 10.0.40219.1
Project("{FAE04EC0-301F-11D3-BF4B-00C04F79EFBC}") = "Movies.API", "MoviesAPI\Movies.API.csproj", "{72355D12-B302-4A07-9873-0DBE1EB1F466}"
EndProject
Project("{FAE04EC0-301F-11D3-BF4B-00C04F79EFBC}") = "Movies.Data", "MoviesData\Movies.Data.csproj", "{F34807A9-DC27-4110-9ED9-63758CA64FE9}"
EndProject
Project("{FAE04EC0-301F-11D3-BF4B-00C04F79EFBC}") = "Movies.Model", "MoviesModel\Movies.Model.csproj", "{5B97D5F9-E042-4348-941A-901D5DE45CCC}"
EndProject
Global
	GlobalSection(SolutionConfigurationPlatforms) = preSolution
		Debug|Any CPU = Debug|Any CPU
		Release|Any CPU = Release|Any CPU
	EndGlobalSection
	GlobalSection(ProjectConfigurationPlatforms) = postSolution
		{72355D12-B302-4A07-9873-0DBE1EB1F466}.Debug|Any CPU.ActiveCfg = Debug|Any CPU
		{72355D12-B302-4A07-9873-0DBE1EB1F466}.Debug|Any CPU.Build.0 = Debug|Any CPU
		{72355D12-B302-4A07-9873-0DBE1EB1F466}.Release|Any CPU.ActiveCfg = Release|Any CPU
		{72355D12-B302-4A07-9873-0DBE1EB1F466}.Release|Any CPU.Build.0 = Release|Any CPU
		{F34807A9-DC27-4110-9ED9-63758CA64FE9}.Debug|Any CPU.ActiveCfg = Debug|Any CPU
		{F34807A9-DC27-4110-9ED9-63758CA64FE9}.Debug|Any CPU.Build.0 = Debug|Any CPU
		{F34807A9-DC27-4110-9ED9-63758CA64FE9}.Release|Any CPU.ActiveCfg = Release|Any CPU
		{F34807A9-DC27-4110-9ED9-63758CA64FE9}.Release|Any CPU.Build.0 = Release|Any CPU
		{5B97D5F9-E042-4348-941A-901D5DE45CCC}.Debug|Any CPU.ActiveCfg = Debug|Any CPU
		{5B97D5F9-E042-4348-941A-901D5DE45CCC}.Debug|Any CPU.Build.0 = Debug|Any CPU
		{5B97D5F9-E042-4348-941A-901D5DE45CCC}.Release|Any CPU.ActiveCfg = Release|Any CPU
		{5B97D5F9-E042-4348-941A-901D5DE45CCC}.Release|Any CPU.Build.0 = Release|Any CPU
	EndGlobalSection
	GlobalSection(SolutionProperties) = preSolution
		HideSolutionNode = FALSE
	EndGlobalSection
EndGlobal
